{
  "name": "zokrates-test",
  "version": "1.0.0",
  "lockfileVersion": 2,
  "requires": true,
  "packages": {
    "": {
      "name": "zokrates-test",
      "version": "1.0.0",
      "license": "ISC",
      "dependencies": {
        "zokrates-js": "^1.1.1"
      }
    },
    "node_modules/zokrates-js": {
      "version": "1.1.1",
      "resolved": "https://registry.npmjs.org/zokrates-js/-/zokrates-js-1.1.1.tgz",
      "integrity": "sha512-KfL9tLqTFU/KzbbOFGquE95G9FWBIGCnlQer7hSou6fTlo25Hej7QR2RHJmYD7qhr+8LLJ1JPr6+3bPZgApPfQ=="
    }
  },
  "dependencies": {
    "zokrates-js": {
      "version": "1.1.1",
      "resolved": "https://registry.npmjs.org/zokrates-js/-/zokrates-js-1.1.1.tgz",
      "integrity": "sha512-KfL9tLqTFU/KzbbOFGquE95G9FWBIGCnlQer7hSou6fTlo25Hej7QR2RHJmYD7qhr+8LLJ1JPr6+3bPZgApPfQ=="
    }
  }
}
